<?xml version="1.0" encoding="utf-8"?>
<Project ToolsVersion="4.0" xmlns="http://schemas.microsoft.com/developer/msbuild/2003">
  <ItemGroup>
    <Filter Include="Source Files">
      <UniqueIdentifier>{4FC737F1-C7A5-4376-A066-2A32D752A2FF}</UniqueIdentifier>
      <Extensions>cpp;c;cc;cxx;c++;cppm;ixx;def;odl;idl;hpj;bat;asm;asmx</Extensions>
    </Filter>
    <Filter Include="Header Files">
      <UniqueIdentifier>{93995380-89BD-4b04-88EB-625FBE52EBFB}</UniqueIdentifier>
      <Extensions>h;hh;hpp;hxx;h++;hm;inl;inc;ipp;xsd</Extensions>
    </Filter>
    <Filter Include="Resource Files">
      <UniqueIdentifier>{67DA6AB6-F800-4c08-8B7A-83BB121AAD01}</UniqueIdentifier>
      <Extensions>rc;ico;cur;bmp;dlg;rc2;rct;bin;rgs;gif;jpg;jpeg;jpe;resx;tiff;tif;png;wav;mfcribbon-ms</Extensions>
    </Filter>
    <Filter Include="Resource Files\audio">
      <UniqueIdentifier>{605ed25a-9b4f-4c87-9053-d2e0790cad45}</UniqueIdentifier>
    </Filter>
    <Filter Include="Resource Files\font">
      <UniqueIdentifier>{dbf5a109-ddc1-48e0-bae1-2b668f97f78d}</UniqueIdentifier>
    </Filter>
    <Filter Include="Resource Files\image">
      <UniqueIdentifier>{49a713f9-dab1-4c3b-a8e2-89a672d985e9}</UniqueIdentifier>
    </Filter>
  </ItemGroup>
  <ItemGroup>
    <None Include="assets\audio\Button.flac">
      <Filter>Resource Files\audio</Filter>
    </None>
    <None Include="assets\audio\Game.ogg">
      <Filter>Resource Files\audio</Filter>
    </None>
    <None Include="assets\audio\MainMenu.ogg">
      <Filter>Resource Files\audio</Filter>
    </None>
    <None Include="assets\audio\SettingScreen.ogg">
      <Filter>Resource Files\audio</Filter>
    </None>
  </ItemGroup>
  <ItemGroup>
    <Font Include="assets\font\Fixedsys62.ttf">
      <Filter>Resource Files\font</Filter>
    </Font>
    <Font Include="assets\font\pixel.ttf">
      <Filter>Resource Files\font</Filter>
    </Font>
    <Font Include="assets\font\pixel_title.ttf">
      <Filter>Resource Files\font</Filter>
    </Font>
    <Font Include="assets\font\pixel1.ttf">
      <Filter>Resource Files\font</Filter>
    </Font>
  </ItemGroup>
  <ItemGroup>
    <Image Include="assets\image\bird.png">
      <Filter>Resource Files\image</Filter>
    </Image>
    <Image Include="assets\image\cactus.png">
      <Filter>Resource Files\image</Filter>
    </Image>
    <Image Include="assets\image\clouds.png">
      <Filter>Resource Files\image</Filter>
    </Image>
    <Image Include="assets\image\DINO.png">
      <Filter>Resource Files\image</Filter>
    </Image>
    <Image Include="assets\image\dinosaur.png">
      <Filter>Resource Files\image</Filter>
    </Image>
    <Image Include="assets\image\gameover.png">
      <Filter>Resource Files\image</Filter>
    </Image>
    <Image Include="assets\image\GroundImage.png">
      <Filter>Resource Files\image</Filter>
    </Image>
    <Image Include="assets\image\Mainmenu.png">
      <Filter>Resource Files\image</Filter>
    </Image>
    <Image Include="assets\image\PauseScreen.png">
      <Filter>Resource Files\image</Filter>
    </Image>
    <Image Include="assets\image\restart.png">
      <Filter>Resource Files\image</Filter>
    </Image>
    <Image Include="assets\image\SettingScreen.png">
      <Filter>Resource Files\image</Filter>
    </Image>
    <Image Include="assets\image\SplashScreen.png">
      <Filter>Resource Files\image</Filter>
    </Image>
    <Image Include="assets\image\Help.png">
      <Filter>Resource Files\image</Filter>
    </Image>
  </ItemGroup>
  <ItemGroup>
    <ClInclude Include="include\Background.h">
      <Filter>Header Files</Filter>
    </ClInclude>
    <ClInclude Include="include\Bird.h">
      <Filter>Header Files</Filter>
    </ClInclude>
    <ClInclude Include="include\Cactus.h">
      <Filter>Header Files</Filter>
    </ClInclude>
    <ClInclude Include="include\Cloud.h">
      <Filter>Header Files</Filter>
    </ClInclude>
    <ClInclude Include="include\DifficultySlect.h">
      <Filter>Header Files</Filter>
    </ClInclude>
    <ClInclude Include="include\Dinosaur.h">
      <Filter>Header Files</Filter>
    </ClInclude>
    <ClInclude Include="include\Game.h">
      <Filter>Header Files</Filter>
    </ClInclude>
    <ClInclude Include="include\Help.h">
      <Filter>Header Files</Filter>
    </ClInclude>
    <ClInclude Include="include\IAudioProvider.h">
      <Filter>Header Files</Filter>
    </ClInclude>
    <ClInclude Include="include\Interface.h">
      <Filter>Header Files</Filter>
    </ClInclude>
    <ClInclude Include="include\MainMenu.h">
      <Filter>Header Files</Filter>
    </ClInclude>
    <ClInclude Include="include\PauseScreen.h">
      <Filter>Header Files</Filter>
    </ClInclude>
    <ClInclude Include="include\Save.h">
      <Filter>Header Files</Filter>
    </ClInclude>
    <ClInclude Include="include\ServiceLocator.h">
      <Filter>Header Files</Filter>
    </ClInclude>
    <ClInclude Include="include\Settings.h">
      <Filter>Header Files</Filter>
    </ClInclude>
    <ClInclude Include="include\SettingScreen.h">
      <Filter>Header Files</Filter>
    </ClInclude>
    <ClInclude Include="include\SFMLSoundProvider.h">
      <Filter>Header Files</Filter>
    </ClInclude>
    <ClInclude Include="include\SoundFileCache.h">
      <Filter>Header Files</Filter>
    </ClInclude>
    <ClInclude Include="include\SplashScreen.h">
      <Filter>Header Files</Filter>
    </ClInclude>
    <ClInclude Include="include\stdafx.h">
      <Filter>Header Files</Filter>
    </ClInclude>
    <ClInclude Include="include\targetver.h">
      <Filter>Header Files</Filter>
    </ClInclude>
    <ClInclude Include="include\VisibleGameObject.h">
      <Filter>Header Files</Filter>
    </ClInclude>
  </ItemGroup>
  <ItemGroup>
    <ClCompile Include="src\Background.cpp">
      <Filter>Source Files</Filter>
    </ClCompile>
    <ClCompile Include="src\Bird.cpp">
      <Filter>Source Files</Filter>
    </ClCompile>
    <ClCompile Include="src\Cactus.cpp">
      <Filter>Source Files</Filter>
    </ClCompile>
    <ClCompile Include="src\Cloud.cpp">
      <Filter>Source Files</Filter>
    </ClCompile>
    <ClCompile Include="src\DifficultySlect.cpp">
      <Filter>Source Files</Filter>
    </ClCompile>
    <ClCompile Include="src\Dinosaur.cpp">
      <Filter>Source Files</Filter>
    </ClCompile>
    <ClCompile Include="src\Game.cpp">
      <Filter>Source Files</Filter>
    </ClCompile>
    <ClCompile Include="src\Help.cpp">
      <Filter>Source Files</Filter>
    </ClCompile>
    <ClCompile Include="src\Interface.cpp">
      <Filter>Source Files</Filter>
    </ClCompile>
    <ClCompile Include="src\main.cpp">
      <Filter>Source Files</Filter>
    </ClCompile>
    <ClCompile Include="src\MainMenu.cpp">
      <Filter>Source Files</Filter>
    </ClCompile>
    <ClCompile Include="src\PauseScreen.cpp">
      <Filter>Source Files</Filter>
    </ClCompile>
    <ClCompile Include="src\Save.cpp">
      <Filter>Source Files</Filter>
    </ClCompile>
    <ClCompile Include="src\ServiceLocator.cpp">
      <Filter>Source Files</Filter>
    </ClCompile>
    <ClCompile Include="src\Settings.cpp">
      <Filter>Source Files</Filter>
    </ClCompile>
    <ClCompile Include="src\SettingScreen.cpp">
      <Filter>Source Files</Filter>
    </ClCompile>
    <ClCompile Include="src\SFMLSoundProvider.cpp">
      <Filter>Source Files</Filter>
    </ClCompile>
    <ClCompile Include="src\SoundFileCache.cpp">
      <Filter>Source Files</Filter>
    </ClCompile>
    <ClCompile Include="src\SplashScreen.cpp">
      <Filter>Source Files</Filter>
    </ClCompile>
    <ClCompile Include="src\VisibleGameObject.cpp">
      <Filter>Source Files</Filter>
    </ClCompile>
  </ItemGroup>
</Project>